// !$*UTF8*$!
{
	archiveVersion = 1;
	classes = {
	};
	objectVersion = 50;
	objects = {

/* Begin PBXBuildFile section */
		761C174A24649E6F00FDB7B9 /* LoginRequest.swift in Sources */ = {isa = PBXBuildFile; fileRef = 761C174924649E6F00FDB7B9 /* LoginRequest.swift */; };
		761C17522464B1CE00FDB7B9 /* StudentPutResponse.swift in Sources */ = {isa = PBXBuildFile; fileRef = 761C17512464B1CE00FDB7B9 /* StudentPutResponse.swift */; };
		761C17542464E20E00FDB7B9 /* UdacityUserDataResponse.swift in Sources */ = {isa = PBXBuildFile; fileRef = 761C17532464E20E00FDB7B9 /* UdacityUserDataResponse.swift */; };
		765ECA2B2461DFD300E07B56 /* AppDelegate.swift in Sources */ = {isa = PBXBuildFile; fileRef = 765ECA2A2461DFD300E07B56 /* AppDelegate.swift */; };
		765ECA2D2461DFD300E07B56 /* SceneDelegate.swift in Sources */ = {isa = PBXBuildFile; fileRef = 765ECA2C2461DFD300E07B56 /* SceneDelegate.swift */; };
		765ECA2F2461DFD300E07B56 /* MapViewController.swift in Sources */ = {isa = PBXBuildFile; fileRef = 765ECA2E2461DFD300E07B56 /* MapViewController.swift */; };
		765ECA312461DFD300E07B56 /* TableViewController.swift in Sources */ = {isa = PBXBuildFile; fileRef = 765ECA302461DFD300E07B56 /* TableViewController.swift */; };
		765ECA342461DFD300E07B56 /* Main.storyboard in Resources */ = {isa = PBXBuildFile; fileRef = 765ECA322461DFD300E07B56 /* Main.storyboard */; };
		765ECA362461DFD400E07B56 /* Assets.xcassets in Resources */ = {isa = PBXBuildFile; fileRef = 765ECA352461DFD400E07B56 /* Assets.xcassets */; };
		765ECA392461DFD400E07B56 /* LaunchScreen.storyboard in Resources */ = {isa = PBXBuildFile; fileRef = 765ECA372461DFD400E07B56 /* LaunchScreen.storyboard */; };
		765ECA412461F0CB00E07B56 /* StudentLocation.swift in Sources */ = {isa = PBXBuildFile; fileRef = 765ECA402461F0CB00E07B56 /* StudentLocation.swift */; };
		765ECA432461FAEC00E07B56 /* Results.swift in Sources */ = {isa = PBXBuildFile; fileRef = 765ECA422461FAEC00E07B56 /* Results.swift */; };
		765ECA452462437900E07B56 /* ParseClient.swift in Sources */ = {isa = PBXBuildFile; fileRef = 765ECA442462437900E07B56 /* ParseClient.swift */; };
		765ECA47246243F800E07B56 /* LoginViewController.swift in Sources */ = {isa = PBXBuildFile; fileRef = 765ECA46246243F800E07B56 /* LoginViewController.swift */; };
		76F3E455246347AE00396B63 /* AddMapLocationViewController.swift in Sources */ = {isa = PBXBuildFile; fileRef = 76F3E454246347AE00396B63 /* AddMapLocationViewController.swift */; };
		76F3E4572463487A00396B63 /* LocationModel.swift in Sources */ = {isa = PBXBuildFile; fileRef = 76F3E4562463487A00396B63 /* LocationModel.swift */; };
		76F3E45924634E1100396B63 /* UdacityLoginResponse.swift in Sources */ = {isa = PBXBuildFile; fileRef = 76F3E45824634E1100396B63 /* UdacityLoginResponse.swift */; };
		76F3E45B24634E8900396B63 /* UdacityAccountResponse.swift in Sources */ = {isa = PBXBuildFile; fileRef = 76F3E45A24634E8900396B63 /* UdacityAccountResponse.swift */; };
		76F3E45D24634ECE00396B63 /* UdacitySessionResponse.swift in Sources */ = {isa = PBXBuildFile; fileRef = 76F3E45C24634ECE00396B63 /* UdacitySessionResponse.swift */; };
		76F3E4612463A5A700396B63 /* LocationRequest.swift in Sources */ = {isa = PBXBuildFile; fileRef = 76F3E4602463A5A700396B63 /* LocationRequest.swift */; };
		76F3E4632463B79400396B63 /* StudentLocationResponse.swift in Sources */ = {isa = PBXBuildFile; fileRef = 76F3E4622463B79400396B63 /* StudentLocationResponse.swift */; };
		76F3E4652463CA5600396B63 /* UdacityClient.swift in Sources */ = {isa = PBXBuildFile; fileRef = 76F3E4642463CA5600396B63 /* UdacityClient.swift */; };
		76F3E4672463CCEB00396B63 /* UdacityLoginRequest.swift in Sources */ = {isa = PBXBuildFile; fileRef = 76F3E4662463CCEB00396B63 /* UdacityLoginRequest.swift */; };
/* End PBXBuildFile section */

/* Begin PBXFileReference section */
		761C174924649E6F00FDB7B9 /* LoginRequest.swift */ = {isa = PBXFileReference; lastKnownFileType = sourcecode.swift; path = LoginRequest.swift; sourceTree = "<group>"; };
		761C17512464B1CE00FDB7B9 /* StudentPutResponse.swift */ = {isa = PBXFileReference; lastKnownFileType = sourcecode.swift; path = StudentPutResponse.swift; sourceTree = "<group>"; };
		761C17532464E20E00FDB7B9 /* UdacityUserDataResponse.swift */ = {isa = PBXFileReference; lastKnownFileType = sourcecode.swift; path = UdacityUserDataResponse.swift; sourceTree = "<group>"; };
		765ECA272461DFD300E07B56 /* OnTheMap.app */ = {isa = PBXFileReference; explicitFileType = wrapper.application; includeInIndex = 0; path = OnTheMap.app; sourceTree = BUILT_PRODUCTS_DIR; };
		765ECA2A2461DFD300E07B56 /* AppDelegate.swift */ = {isa = PBXFileReference; lastKnownFileType = sourcecode.swift; path = AppDelegate.swift; sourceTree = "<group>"; };
		765ECA2C2461DFD300E07B56 /* SceneDelegate.swift */ = {isa = PBXFileReference; lastKnownFileType = sourcecode.swift; path = SceneDelegate.swift; sourceTree = "<group>"; };
		765ECA2E2461DFD300E07B56 /* MapViewController.swift */ = {isa = PBXFileReference; lastKnownFileType = sourcecode.swift; path = MapViewController.swift; sourceTree = "<group>"; };
		765ECA302461DFD300E07B56 /* TableViewController.swift */ = {isa = PBXFileReference; lastKnownFileType = sourcecode.swift; path = TableViewController.swift; sourceTree = "<group>"; };
		765ECA332461DFD300E07B56 /* Base */ = {isa = PBXFileReference; lastKnownFileType = file.storyboard; name = Base; path = Base.lproj/Main.storyboard; sourceTree = "<group>"; };
		765ECA352461DFD400E07B56 /* Assets.xcassets */ = {isa = PBXFileReference; lastKnownFileType = folder.assetcatalog; path = Assets.xcassets; sourceTree = "<group>"; };
		765ECA382461DFD400E07B56 /* Base */ = {isa = PBXFileReference; lastKnownFileType = file.storyboard; name = Base; path = Base.lproj/LaunchScreen.storyboard; sourceTree = "<group>"; };
		765ECA3A2461DFD400E07B56 /* Info.plist */ = {isa = PBXFileReference; lastKnownFileType = text.plist.xml; path = Info.plist; sourceTree = "<group>"; };
		765ECA402461F0CB00E07B56 /* StudentLocation.swift */ = {isa = PBXFileReference; lastKnownFileType = sourcecode.swift; path = StudentLocation.swift; sourceTree = "<group>"; };
		765ECA422461FAEC00E07B56 /* Results.swift */ = {isa = PBXFileReference; lastKnownFileType = sourcecode.swift; path = Results.swift; sourceTree = "<group>"; };
		765ECA442462437900E07B56 /* ParseClient.swift */ = {isa = PBXFileReference; lastKnownFileType = sourcecode.swift; path = ParseClient.swift; sourceTree = "<group>"; };
		765ECA46246243F800E07B56 /* LoginViewController.swift */ = {isa = PBXFileReference; lastKnownFileType = sourcecode.swift; path = LoginViewController.swift; sourceTree = "<group>"; };
		76F3E454246347AE00396B63 /* AddMapLocationViewController.swift */ = {isa = PBXFileReference; lastKnownFileType = sourcecode.swift; path = AddMapLocationViewController.swift; sourceTree = "<group>"; };
		76F3E4562463487A00396B63 /* LocationModel.swift */ = {isa = PBXFileReference; lastKnownFileType = sourcecode.swift; path = LocationModel.swift; sourceTree = "<group>"; };
		76F3E45824634E1100396B63 /* UdacityLoginResponse.swift */ = {isa = PBXFileReference; lastKnownFileType = sourcecode.swift; path = UdacityLoginResponse.swift; sourceTree = "<group>"; };
		76F3E45A24634E8900396B63 /* UdacityAccountResponse.swift */ = {isa = PBXFileReference; lastKnownFileType = sourcecode.swift; path = UdacityAccountResponse.swift; sourceTree = "<group>"; };
		76F3E45C24634ECE00396B63 /* UdacitySessionResponse.swift */ = {isa = PBXFileReference; lastKnownFileType = sourcecode.swift; path = UdacitySessionResponse.swift; sourceTree = "<group>"; };
		76F3E4602463A5A700396B63 /* LocationRequest.swift */ = {isa = PBXFileReference; lastKnownFileType = sourcecode.swift; path = LocationRequest.swift; sourceTree = "<group>"; };
		76F3E4622463B79400396B63 /* StudentLocationResponse.swift */ = {isa = PBXFileReference; lastKnownFileType = sourcecode.swift; path = StudentLocationResponse.swift; sourceTree = "<group>"; };
		76F3E4642463CA5600396B63 /* UdacityClient.swift */ = {isa = PBXFileReference; lastKnownFileType = sourcecode.swift; path = UdacityClient.swift; sourceTree = "<group>"; };
		76F3E4662463CCEB00396B63 /* UdacityLoginRequest.swift */ = {isa = PBXFileReference; lastKnownFileType = sourcecode.swift; path = UdacityLoginRequest.swift; sourceTree = "<group>"; };
/* End PBXFileReference section */

/* Begin PBXFrameworksBuildPhase section */
		765ECA242461DFD300E07B56 /* Frameworks */ = {
			isa = PBXFrameworksBuildPhase;
			buildActionMask = 2147483647;
			files = (
			);
			runOnlyForDeploymentPostprocessing = 0;
		};
/* End PBXFrameworksBuildPhase section */

/* Begin PBXGroup section */
		761C174B2464A1D400FDB7B9 /* Controller */ = {
			isa = PBXGroup;
			children = (
				765ECA2E2461DFD300E07B56 /* MapViewController.swift */,
				765ECA302461DFD300E07B56 /* TableViewController.swift */,
				76F3E454246347AE00396B63 /* AddMapLocationViewController.swift */,
				765ECA46246243F800E07B56 /* LoginViewController.swift */,
			);
			path = Controller;
			sourceTree = "<group>";
		};
		761C174C2464A20800FDB7B9 /* Model */ = {
			isa = PBXGroup;
			children = (
				761C17502464A2FE00FDB7B9 /* Data */,
				761C174E2464A2C600FDB7B9 /* Clients */,
				761C174D2464A26100FDB7B9 /* Responses */,
				761C174F2464A2D800FDB7B9 /* Request */,
			);
			path = Model;
			sourceTree = "<group>";
		};
		761C174D2464A26100FDB7B9 /* Responses */ = {
			isa = PBXGroup;
			children = (
				76F3E45824634E1100396B63 /* UdacityLoginResponse.swift */,
				761C17532464E20E00FDB7B9 /* UdacityUserDataResponse.swift */,
				76F3E45A24634E8900396B63 /* UdacityAccountResponse.swift */,
				76F3E45C24634ECE00396B63 /* UdacitySessionResponse.swift */,
				76F3E4622463B79400396B63 /* StudentLocationResponse.swift */,
				761C17512464B1CE00FDB7B9 /* StudentPutResponse.swift */,
			);
			path = Responses;
			sourceTree = "<group>";
		};
		761C174E2464A2C600FDB7B9 /* Clients */ = {
			isa = PBXGroup;
			children = (
				765ECA442462437900E07B56 /* ParseClient.swift */,
				76F3E4642463CA5600396B63 /* UdacityClient.swift */,
			);
			path = Clients;
			sourceTree = "<group>";
		};
		761C174F2464A2D800FDB7B9 /* Request */ = {
			isa = PBXGroup;
			children = (
				76F3E4662463CCEB00396B63 /* UdacityLoginRequest.swift */,
				761C174924649E6F00FDB7B9 /* LoginRequest.swift */,
				76F3E4602463A5A700396B63 /* LocationRequest.swift */,
			);
			path = Request;
			sourceTree = "<group>";
		};
		761C17502464A2FE00FDB7B9 /* Data */ = {
			isa = PBXGroup;
			children = (
				76F3E4562463487A00396B63 /* LocationModel.swift */,
				765ECA402461F0CB00E07B56 /* StudentLocation.swift */,
				765ECA422461FAEC00E07B56 /* Results.swift */,
			);
			path = Data;
			sourceTree = "<group>";
		};
		765ECA1E2461DFD300E07B56 = {
			isa = PBXGroup;
			children = (
				765ECA292461DFD300E07B56 /* OnTheMap */,
				765ECA282461DFD300E07B56 /* Products */,
			);
			sourceTree = "<group>";
		};
		765ECA282461DFD300E07B56 /* Products */ = {
			isa = PBXGroup;
			children = (
				765ECA272461DFD300E07B56 /* OnTheMap.app */,
			);
			name = Products;
			sourceTree = "<group>";
		};
		765ECA292461DFD300E07B56 /* OnTheMap */ = {
			isa = PBXGroup;
			children = (
				765ECA2A2461DFD300E07B56 /* AppDelegate.swift */,
				765ECA2C2461DFD300E07B56 /* SceneDelegate.swift */,
				761C174B2464A1D400FDB7B9 /* Controller */,
				761C174C2464A20800FDB7B9 /* Model */,
				765ECA322461DFD300E07B56 /* Main.storyboard */,
				765ECA352461DFD400E07B56 /* Assets.xcassets */,
				765ECA372461DFD400E07B56 /* LaunchScreen.storyboard */,
				765ECA3A2461DFD400E07B56 /* Info.plist */,
			);
			path = OnTheMap;
			sourceTree = "<group>";
		};
/* End PBXGroup section */

/* Begin PBXNativeTarget section */
		765ECA262461DFD300E07B56 /* OnTheMap */ = {
			isa = PBXNativeTarget;
			buildConfigurationList = 765ECA3D2461DFD400E07B56 /* Build configuration list for PBXNativeTarget "OnTheMap" */;
			buildPhases = (
				765ECA232461DFD300E07B56 /* Sources */,
				765ECA242461DFD300E07B56 /* Frameworks */,
				765ECA252461DFD300E07B56 /* Resources */,
			);
			buildRules = (
			);
			dependencies = (
			);
			name = OnTheMap;
			productName = OnTheMap;
			productReference = 765ECA272461DFD300E07B56 /* OnTheMap.app */;
			productType = "com.apple.product-type.application";
		};
/* End PBXNativeTarget section */

/* Begin PBXProject section */
		765ECA1F2461DFD300E07B56 /* Project object */ = {
			isa = PBXProject;
			attributes = {
				LastSwiftUpdateCheck = 1140;
				LastUpgradeCheck = 1140;
				ORGANIZATIONNAME = DoyinOsanyintolu;
				TargetAttributes = {
					765ECA262461DFD300E07B56 = {
						CreatedOnToolsVersion = 11.4.1;
					};
				};
			};
			buildConfigurationList = 765ECA222461DFD300E07B56 /* Build configuration list for PBXProject "OnTheMap" */;
			compatibilityVersion = "Xcode 9.3";
			developmentRegion = en;
			hasScannedForEncodings = 0;
			knownRegions = (
				en,
				Base,
			);
			mainGroup = 765ECA1E2461DFD300E07B56;
			productRefGroup = 765ECA282461DFD300E07B56 /* Products */;
			projectDirPath = "";
			projectRoot = "";
			targets = (
				765ECA262461DFD300E07B56 /* OnTheMap */,
			);
		};
/* End PBXProject section */

/* Begin PBXResourcesBuildPhase section */
		765ECA252461DFD300E07B56 /* Resources */ = {
			isa = PBXResourcesBuildPhase;
			buildActionMask = 2147483647;
			files = (
				765ECA392461DFD400E07B56 /* LaunchScreen.storyboard in Resources */,
				765ECA362461DFD400E07B56 /* Assets.xcassets in Resources */,
				765ECA342461DFD300E07B56 /* Main.storyboard in Resources */,
			);
			runOnlyForDeploymentPostprocessing = 0;
		};
/* End PBXResourcesBuildPhase section */

/* Begin PBXSourcesBuildPhase section */
		765ECA232461DFD300E07B56 /* Sources */ = {
			isa = PBXSourcesBuildPhase;
			buildActionMask = 2147483647;
			files = (
				765ECA432461FAEC00E07B56 /* Results.swift in Sources */,
				765ECA312461DFD300E07B56 /* TableViewController.swift in Sources */,
				761C174A24649E6F00FDB7B9 /* LoginRequest.swift in Sources */,
				765ECA2F2461DFD300E07B56 /* MapViewController.swift in Sources */,
				76F3E45D24634ECE00396B63 /* UdacitySessionResponse.swift in Sources */,
				76F3E45B24634E8900396B63 /* UdacityAccountResponse.swift in Sources */,
				765ECA2B2461DFD300E07B56 /* AppDelegate.swift in Sources */,
				765ECA47246243F800E07B56 /* LoginViewController.swift in Sources */,
				76F3E4652463CA5600396B63 /* UdacityClient.swift in Sources */,
				76F3E4572463487A00396B63 /* LocationModel.swift in Sources */,
				761C17522464B1CE00FDB7B9 /* StudentPutResponse.swift in Sources */,
				76F3E4672463CCEB00396B63 /* UdacityLoginRequest.swift in Sources */,
				761C17542464E20E00FDB7B9 /* UdacityUserDataResponse.swift in Sources */,
				76F3E45924634E1100396B63 /* UdacityLoginResponse.swift in Sources */,
				76F3E4632463B79400396B63 /* StudentLocationResponse.swift in Sources */,
				76F3E455246347AE00396B63 /* AddMapLocationViewController.swift in Sources */,
				76F3E4612463A5A700396B63 /* LocationRequest.swift in Sources */,
				765ECA452462437900E07B56 /* ParseClient.swift in Sources */,
				765ECA412461F0CB00E07B56 /* StudentLocation.swift in Sources */,
				765ECA2D2461DFD300E07B56 /* SceneDelegate.swift in Sources */,
			);
			runOnlyForDeploymentPostprocessing = 0;
		};
/* End PBXSourcesBuildPhase section */

/* Begin PBXVariantGroup section */
		765ECA322461DFD300E07B56 /* Main.storyboard */ = {
			isa = PBXVariantGroup;
			children = (
				765ECA332461DFD300E07B56 /* Base */,
			);
			name = Main.storyboard;
			sourceTree = "<group>";
		};
		765ECA372461DFD400E07B56 /* LaunchScreen.storyboard */ = {
			isa = PBXVariantGroup;
			children = (
				765ECA382461DFD400E07B56 /* Base */,
			);
			name = LaunchScreen.storyboard;
			sourceTree = "<group>";
		};
/* End PBXVariantGroup section */

/* Begin XCBuildConfiguration section */
		765ECA3B2461DFD400E07B56 /* Debug */ = {
			isa = XCBuildConfiguration;
			buildSettings = {
				ALWAYS_SEARCH_USER_PATHS = NO;
				CLANG_ANALYZER_NONNULL = YES;
				CLANG_ANALYZER_NUMBER_OBJECT_CONVERSION = YES_AGGRESSIVE;
				CLANG_CXX_LANGUAGE_STANDARD = "gnu++14";
				CLANG_CXX_LIBRARY = "libc++";
				CLANG_ENABLE_MODULES = YES;
				CLANG_ENABLE_OBJC_ARC = YES;
				CLANG_ENABLE_OBJC_WEAK = YES;
				CLANG_WARN_BLOCK_CAPTURE_AUTORELEASING = YES;
				CLANG_WARN_BOOL_CONVERSION = YES;
				CLANG_WARN_COMMA = YES;
				CLANG_WARN_CONSTANT_CONVERSION = YES;
				CLANG_WARN_DEPRECATED_OBJC_IMPLEMENTATIONS = YES;
				CLANG_WARN_DIRECT_OBJC_ISA_USAGE = YES_ERROR;
				CLANG_WARN_DOCUMENTATION_COMMENTS = YES;
				CLANG_WARN_EMPTY_BODY = YES;
				CLANG_WARN_ENUM_CONVERSION = YES;
				CLANG_WARN_INFINITE_RECURSION = YES;
				CLANG_WARN_INT_CONVERSION = YES;
				CLANG_WARN_NON_LITERAL_NULL_CONVERSION = YES;
				CLANG_WARN_OBJC_IMPLICIT_RETAIN_SELF = YES;
				CLANG_WARN_OBJC_LITERAL_CONVERSION = YES;
				CLANG_WARN_OBJC_ROOT_CLASS = YES_ERROR;
				CLANG_WARN_RANGE_LOOP_ANALYSIS = YES;
				CLANG_WARN_STRICT_PROTOTYPES = YES;
				CLANG_WARN_SUSPICIOUS_MOVE = YES;
				CLANG_WARN_UNGUARDED_AVAILABILITY = YES_AGGRESSIVE;
				CLANG_WARN_UNREACHABLE_CODE = YES;
				CLANG_WARN__DUPLICATE_METHOD_MATCH = YES;
				COPY_PHASE_STRIP = NO;
				DEBUG_INFORMATION_FORMAT = dwarf;
				ENABLE_STRICT_OBJC_MSGSEND = YES;
				ENABLE_TESTABILITY = YES;
				GCC_C_LANGUAGE_STANDARD = gnu11;
				GCC_DYNAMIC_NO_PIC = NO;
				GCC_NO_COMMON_BLOCKS = YES;
				GCC_OPTIMIZATION_LEVEL = 0;
				GCC_PREPROCESSOR_DEFINITIONS = (
					"DEBUG=1",
					"$(inherited)",
				);
				GCC_WARN_64_TO_32_BIT_CONVERSION = YES;
				GCC_WARN_ABOUT_RETURN_TYPE = YES_ERROR;
				GCC_WARN_UNDECLARED_SELECTOR = YES;
				GCC_WARN_UNINITIALIZED_AUTOS = YES_AGGRESSIVE;
				GCC_WARN_UNUSED_FUNCTION = YES;
				GCC_WARN_UNUSED_VARIABLE = YES;
				IPHONEOS_DEPLOYMENT_TARGET = 13.4;
				MTL_ENABLE_DEBUG_INFO = INCLUDE_SOURCE;
				MTL_FAST_MATH = YES;
				ONLY_ACTIVE_ARCH = YES;
				SDKROOT = iphoneos;
				SWIFT_ACTIVE_COMPILATION_CONDITIONS = DEBUG;
				SWIFT_OPTIMIZATION_LEVEL = "-Onone";
			};
			name = Debug;
		};
		765ECA3C2461DFD400E07B56 /* Release */ = {
			isa = XCBuildConfiguration;
			buildSettings = {
				ALWAYS_SEARCH_USER_PATHS = NO;
				CLANG_ANALYZER_NONNULL = YES;
				CLANG_ANALYZER_NUMBER_OBJECT_CONVERSION = YES_AGGRESSIVE;
				CLANG_CXX_LANGUAGE_STANDARD = "gnu++14";
				CLANG_CXX_LIBRARY = "libc++";
				CLANG_ENABLE_MODULES = YES;
				CLANG_ENABLE_OBJC_ARC = YES;
				CLANG_ENABLE_OBJC_WEAK = YES;
				CLANG_WARN_BLOCK_CAPTURE_AUTORELEASING = YES;
				CLANG_WARN_BOOL_CONVERSION = YES;
				CLANG_WARN_COMMA = YES;
				CLANG_WARN_CONSTANT_CONVERSION = YES;
				CLANG_WARN_DEPRECATED_OBJC_IMPLEMENTATIONS = YES;
				CLANG_WARN_DIRECT_OBJC_ISA_USAGE = YES_ERROR;
				CLANG_WARN_DOCUMENTATION_COMMENTS = YES;
				CLANG_WARN_EMPTY_BODY = YES;
				CLANG_WARN_ENUM_CONVERSION = YES;
				CLANG_WARN_INFINITE_RECURSION = YES;
				CLANG_WARN_INT_CONVERSION = YES;
				CLANG_WARN_NON_LITERAL_NULL_CONVERSION = YES;
				CLANG_WARN_OBJC_IMPLICIT_RETAIN_SELF = YES;
				CLANG_WARN_OBJC_LITERAL_CONVERSION = YES;
				CLANG_WARN_OBJC_ROOT_CLASS = YES_ERROR;
				CLANG_WARN_RANGE_LOOP_ANALYSIS = YES;
				CLANG_WARN_STRICT_PROTOTYPES = YES;
				CLANG_WARN_SUSPICIOUS_MOVE = YES;
				CLANG_WARN_UNGUARDED_AVAILABILITY = YES_AGGRESSIVE;
				CLANG_WARN_UNREACHABLE_CODE = YES;
				CLANG_WARN__DUPLICATE_METHOD_MATCH = YES;
				COPY_PHASE_STRIP = NO;
				DEBUG_INFORMATION_FORMAT = "dwarf-with-dsym";
				ENABLE_NS_ASSERTIONS = NO;
				ENABLE_STRICT_OBJC_MSGSEND = YES;
				GCC_C_LANGUAGE_STANDARD = gnu11;
				GCC_NO_COMMON_BLOCKS = YES;
				GCC_WARN_64_TO_32_BIT_CONVERSION = YES;
				GCC_WARN_ABOUT_RETURN_TYPE = YES_ERROR;
				GCC_WARN_UNDECLARED_SELECTOR = YES;
				GCC_WARN_UNINITIALIZED_AUTOS = YES_AGGRESSIVE;
				GCC_WARN_UNUSED_FUNCTION = YES;
				GCC_WARN_UNUSED_VARIABLE = YES;
				IPHONEOS_DEPLOYMENT_TARGET = 13.4;
				MTL_ENABLE_DEBUG_INFO = NO;
				MTL_FAST_MATH = YES;
				SDKROOT = iphoneos;
				SWIFT_COMPILATION_MODE = wholemodule;
				SWIFT_OPTIMIZATION_LEVEL = "-O";
				VALIDATE_PRODUCT = YES;
			};
			name = Release;
		};
		765ECA3E2461DFD400E07B56 /* Debug */ = {
			isa = XCBuildConfiguration;
			buildSettings = {
				ASSETCATALOG_COMPILER_APPICON_NAME = AppIcon;
				CODE_SIGN_STYLE = Automatic;
				DEVELOPMENT_TEAM = 45Z25L6RNN;
				INFOPLIST_FILE = OnTheMap/Info.plist;
				LD_RUNPATH_SEARCH_PATHS = (
					"$(inherited)",
					"@executable_path/Frameworks",
				);
				PRODUCT_BUNDLE_IDENTIFIER = com.DoyinOsanyintolu.OnTheMap;
				PRODUCT_NAME = "$(TARGET_NAME)";
				SWIFT_VERSION = 5.0;
				TARGETED_DEVICE_FAMILY = "1,2";
			};
			name = Debug;
		};
		765ECA3F2461DFD400E07B56 /* Release */ = {
			isa = XCBuildConfiguration;
			buildSettings = {
				ASSETCATALOG_COMPILER_APPICON_NAME = AppIcon;
				CODE_SIGN_STYLE = Automatic;
				DEVELOPMENT_TEAM = 45Z25L6RNN;
				INFOPLIST_FILE = OnTheMap/Info.plist;
				LD_RUNPATH_SEARCH_PATHS = (
					"$(inherited)",
					"@executable_path/Frameworks",
				);
				PRODUCT_BUNDLE_IDENTIFIER = com.DoyinOsanyintolu.OnTheMap;
				PRODUCT_NAME = "$(TARGET_NAME)";
				SWIFT_VERSION = 5.0;
				TARGETED_DEVICE_FAMILY = "1,2";
			};
			name = Release;
		};
/* End XCBuildConfiguration section */

/* Begin XCConfigurationList section */
		765ECA222461DFD300E07B56 /* Build configuration list for PBXProject "OnTheMap" */ = {
			isa = XCConfigurationList;
			buildConfigurations = (
				765ECA3B2461DFD400E07B56 /* Debug */,
				765ECA3C2461DFD400E07B56 /* Release */,
			);
			defaultConfigurationIsVisible = 0;
			defaultConfigurationName = Release;
		};
		765ECA3D2461DFD400E07B56 /* Build configuration list for PBXNativeTarget "OnTheMap" */ = {
			isa = XCConfigurationList;
			buildConfigurations = (
				765ECA3E2461DFD400E07B56 /* Debug */,
				765ECA3F2461DFD400E07B56 /* Release */,
			);
			defaultConfigurationIsVisible = 0;
			defaultConfigurationName = Release;
		};
/* End XCConfigurationList section */
	};
	rootObject = 765ECA1F2461DFD300E07B56 /* Project object */;
}
